PODS:
  - digital_turbine_plugin (0.0.1):
    - FairBidSDK (~> 3.53.0)
    - Flutter
  - FairBidSDK (3.53.0)
  - Flutter (1.0.0)
  - integration_test (0.0.1):
    - Flutter

DEPENDENCIES:
  - digital_turbine_plugin (from `.symlinks/plugins/digital_turbine_plugin/ios`)
  - Flutter (from `Flutter`)
  - integration_test (from `.symlinks/plugins/integration_test/ios`)

SPEC REPOS:
  trunk:
    - FairBidSDK

EXTERNAL SOURCES:
  digital_turbine_plugin:
    :path: ".symlinks/plugins/digital_turbine_plugin/ios"
  Flutter:
    :path: Flutter
  integration_test:
    :path: ".symlinks/plugins/integration_test/ios"

SPEC CHECKSUMS:
  digital_turbine_plugin: 5f98475fbcbe98d9aab4b624ec8fc3e331f9584e
  FairBidSDK: 698612b8007e9e4ee30047ef9e306996909d5cb6
  Flutter: e0871f40cf51350855a761d2e70bf5af5b9b5de7
  integration_test: 13825b8a9334a850581300559b8839134b124670

PODFILE CHECKSUM: 819463e6a0290f5a72f145ba7cde16e8b6ef0796

COCOAPODS: 1.14.3
